
Microsoft Visual Studio Solution File, Format Version 12.00
# Visual Studio Version 17
VisualStudioVersion = 17.9.34728.123
MinimumVisualStudioVersion = 10.0.40219.1
Project("{9A19103F-16F7-4668-BE54-9A1E7A4F7556}") = "ProductApi", "ProductApi.csproj", "{89086502-6AD0-401F-9BEF-8550B64C44BA}"
EndProject
Project("{FAE04EC0-301F-11D3-BF4B-00C04F79EFBC}") = "BankFrontEnd", "..\BankFrontEnd\BankFrontEnd.csproj", "{C071DA17-4013-4241-B363-DAE05D0311DE}"
EndProject
Global
	GlobalSection(SolutionConfigurationPlatforms) = preSolution
		Debug|Any CPU = Debug|Any CPU
		Release|Any CPU = Release|Any CPU
	EndGlobalSection
	GlobalSection(ProjectConfigurationPlatforms) = postSolution
		{89086502-6AD0-401F-9BEF-8550B64C44BA}.Debug|Any CPU.ActiveCfg = Debug|Any CPU
		{89086502-6AD0-401F-9BEF-8550B64C44BA}.Debug|Any CPU.Build.0 = Debug|Any CPU
		{89086502-6AD0-401F-9BEF-8550B64C44BA}.Release|Any CPU.ActiveCfg = Release|Any CPU
		{89086502-6AD0-401F-9BEF-8550B64C44BA}.Release|Any CPU.Build.0 = Release|Any CPU
		{C071DA17-4013-4241-B363-DAE05D0311DE}.Debug|Any CPU.ActiveCfg = Debug|Any CPU
		{C071DA17-4013-4241-B363-DAE05D0311DE}.Debug|Any CPU.Build.0 = Debug|Any CPU
		{C071DA17-4013-4241-B363-DAE05D0311DE}.Release|Any CPU.ActiveCfg = Release|Any CPU
		{C071DA17-4013-4241-B363-DAE05D0311DE}.Release|Any CPU.Build.0 = Release|Any CPU
	EndGlobalSection
	GlobalSection(SolutionProperties) = preSolution
		HideSolutionNode = FALSE
	EndGlobalSection
	GlobalSection(ExtensibilityGlobals) = postSolution
		SolutionGuid = {34F28DB0-736A-41D7-8446-658F950DB18F}
	EndGlobalSection
EndGlobal
